{
  "name": "language-kython",
  "version": "0.5.0",
  "lockfileVersion": 1,
  "requires": true,
  "dependencies": {
    "atom-grammar-test": {
      "version": "0.6.4",
      "resolved": "https://registry.npmjs.org/atom-grammar-test/-/atom-grammar-test-0.6.4.tgz",
      "integrity": "sha1-2KU1A9H+k5mX9Ji3SirDEARKfU4=",
      "requires": {
        "chevrotain": "^0.18.0",
        "escape-string-regexp": "^1.0.5"
      }
    },
    "chevrotain": {
      "version": "0.18.0",
      "resolved": "https://registry.npmjs.org/chevrotain/-/chevrotain-0.18.0.tgz",
      "integrity": "sha1-sodxTjFZC64sXR4vYRZz7+xHnYA="
    },
    "escape-string-regexp": {
      "version": "1.0.5",
      "resolved": "https://registry.npmjs.org/escape-string-regexp/-/escape-string-regexp-1.0.5.tgz",
      "integrity": "sha1-G2HAViGQqN/2rjuyzwIAyhMLhtQ="
    },
    "my-package": {
      "version": "0.0.0",
      "resolved": "https://registry.npmjs.org/my-package/-/my-package-0.0.0.tgz",
      "integrity": "sha1-ApAg8n/PKu1HVMUFmrGwnlEHqd4="
    },
    "nan": {
      "version": "2.15.0",
      "resolved": "https://registry.npmjs.org/nan/-/nan-2.15.0.tgz",
      "integrity": "sha512-8ZtvEnA2c5aYCZYd1cvgdnU6cqwixRoYg70xPLWUws5ORTa/lnw+u4amixRS/Ac5U5mQVgp9pnlSUnbNWFaWZQ=="
    },
    "tree-sitter-kython": {
      "version": "1.0.1",
      "resolved": "https://registry.npmjs.org/tree-sitter-kython/-/tree-sitter-kython-1.0.1.tgz",
      "integrity": "sha512-d/qtTcuo7dzURbV4H7otZLun7NY5sDRhHm4hJVSAzGoTjTW1plRdRqQI0VxXJe9678ZcNnmsfL7HqLfikhnZNw==",
      "requires": {
        "my-package": "0.0.0",
        "nan": "^2.15.0"
      }
    }
  }
}
